
Microsoft Visual Studio Solution File, Format Version 12.00
# Visual Studio Version 17
VisualStudioVersion = 17.7.34202.233
MinimumVisualStudioVersion = 10.0.40219.1
Project("{FAE04EC0-301F-11D3-BF4B-00C04F79EFBC}") = "CVAPP", "CVAPP\CVAPP.csproj", "{33B695B9-E5BB-47D3-9CDF-42340B7B9458}"
EndProject
Project("{FAE04EC0-301F-11D3-BF4B-00C04F79EFBC}") = "CVApp.Entity", "CVApp.Entity\CVApp.Entity.csproj", "{BB1557DD-9831-4674-8D8E-02498807BC2F}"
EndProject
Global
	GlobalSection(SolutionConfigurationPlatforms) = preSolution
		Debug|Any CPU = Debug|Any CPU
		Release|Any CPU = Release|Any CPU
	EndGlobalSection
	GlobalSection(ProjectConfigurationPlatforms) = postSolution
		{33B695B9-E5BB-47D3-9CDF-42340B7B9458}.Debug|Any CPU.ActiveCfg = Debug|Any CPU
		{33B695B9-E5BB-47D3-9CDF-42340B7B9458}.Debug|Any CPU.Build.0 = Debug|Any CPU
		{33B695B9-E5BB-47D3-9CDF-42340B7B9458}.Release|Any CPU.ActiveCfg = Release|Any CPU
		{33B695B9-E5BB-47D3-9CDF-42340B7B9458}.Release|Any CPU.Build.0 = Release|Any CPU
		{BB1557DD-9831-4674-8D8E-02498807BC2F}.Debug|Any CPU.ActiveCfg = Debug|Any CPU
		{BB1557DD-9831-4674-8D8E-02498807BC2F}.Debug|Any CPU.Build.0 = Debug|Any CPU
		{BB1557DD-9831-4674-8D8E-02498807BC2F}.Release|Any CPU.ActiveCfg = Release|Any CPU
		{BB1557DD-9831-4674-8D8E-02498807BC2F}.Release|Any CPU.Build.0 = Release|Any CPU
	EndGlobalSection
	GlobalSection(SolutionProperties) = preSolution
		HideSolutionNode = FALSE
	EndGlobalSection
	GlobalSection(ExtensibilityGlobals) = postSolution
		SolutionGuid = {C8572305-80F7-4C36-ADC7-F107EFC8D5CC}
	EndGlobalSection
EndGlobal
